
Microsoft Visual Studio Solution File, Format Version 12.00
# Visual Studio Version 17
VisualStudioVersion = 17.2.32630.192
MinimumVisualStudioVersion = 10.0.40219.1
Project("{FAE04EC0-301F-11D3-BF4B-00C04F79EFBC}") = "VetorExemplo", "VetorExemplo\VetorExemplo.csproj", "{88A6D9F2-5C04-4B49-A1B2-AA2102C3CE4F}"
EndProject
Global
	GlobalSection(SolutionConfigurationPlatforms) = preSolution
		Debug|Any CPU = Debug|Any CPU
		Release|Any CPU = Release|Any CPU
	EndGlobalSection
	GlobalSection(ProjectConfigurationPlatforms) = postSolution
		{88A6D9F2-5C04-4B49-A1B2-AA2102C3CE4F}.Debug|Any CPU.ActiveCfg = Debug|Any CPU
		{88A6D9F2-5C04-4B49-A1B2-AA2102C3CE4F}.Debug|Any CPU.Build.0 = Debug|Any CPU
		{88A6D9F2-5C04-4B49-A1B2-AA2102C3CE4F}.Release|Any CPU.ActiveCfg = Release|Any CPU
		{88A6D9F2-5C04-4B49-A1B2-AA2102C3CE4F}.Release|Any CPU.Build.0 = Release|Any CPU
	EndGlobalSection
	GlobalSection(SolutionProperties) = preSolution
		HideSolutionNode = FALSE
	EndGlobalSection
	GlobalSection(ExtensibilityGlobals) = postSolution
		SolutionGuid = {E767245F-B9EF-4320-B494-8790A2446F88}
	EndGlobalSection
EndGlobal
